
Microsoft Visual Studio Solution File, Format Version 12.00
# Visual Studio 15
VisualStudioVersion = 15.0.28307.705
MinimumVisualStudioVersion = 10.0.40219.1
Project("{FAE04EC0-301F-11D3-BF4B-00C04F79EFBC}") = "SdtdServerManager", "SdtdServerManager\SdtdServerManager.csproj", "{8E1252B5-4727-4649-8C35-9C9DA95FD5D1}"
EndProject
Global
	GlobalSection(SolutionConfigurationPlatforms) = preSolution
		Debug|Any CPU = Debug|Any CPU
		Release|Any CPU = Release|Any CPU
	EndGlobalSection
	GlobalSection(ProjectConfigurationPlatforms) = postSolution
		{8E1252B5-4727-4649-8C35-9C9DA95FD5D1}.Debug|Any CPU.ActiveCfg = Debug|Any CPU
		{8E1252B5-4727-4649-8C35-9C9DA95FD5D1}.Debug|Any CPU.Build.0 = Debug|Any CPU
		{8E1252B5-4727-4649-8C35-9C9DA95FD5D1}.Release|Any CPU.ActiveCfg = Release|Any CPU
		{8E1252B5-4727-4649-8C35-9C9DA95FD5D1}.Release|Any CPU.Build.0 = Release|Any CPU
	EndGlobalSection
	GlobalSection(SolutionProperties) = preSolution
		HideSolutionNode = FALSE
	EndGlobalSection
	GlobalSection(ExtensibilityGlobals) = postSolution
		SolutionGuid = {F3CADCF9-8718-434B-8998-8C1CD3F9D048}
	EndGlobalSection
EndGlobal
